
Microsoft Visual Studio Solution File, Format Version 12.00
# Visual Studio Version 16
VisualStudioVersion = 16.0.30320.27
MinimumVisualStudioVersion = 10.0.40219.1
Project("{FAE04EC0-301F-11D3-BF4B-00C04F79EFBC}") = "webApi", "webApi.csproj", "{8113C676-8367-4C43-97D6-D1D08EEF18F9}"
EndProject
Project("{FAE04EC0-301F-11D3-BF4B-00C04F79EFBC}") = "Dal", "..\Dal\Dal.csproj", "{C0D22190-4B9C-47A7-91AD-95F9BC526857}"
EndProject
Project("{FAE04EC0-301F-11D3-BF4B-00C04F79EFBC}") = "Dto", "..\Dto\Dto.csproj", "{052668C2-2F27-4E99-BA57-78CFB3F23D35}"
EndProject
Project("{FAE04EC0-301F-11D3-BF4B-00C04F79EFBC}") = "Bll", "..\Bll\Bll.csproj", "{71E7401A-EB67-4F59-B833-CA5A80597C1E}"
EndProject
Global
	GlobalSection(SolutionConfigurationPlatforms) = preSolution
		Debug|Any CPU = Debug|Any CPU
		Release|Any CPU = Release|Any CPU
	EndGlobalSection
	GlobalSection(ProjectConfigurationPlatforms) = postSolution
		{8113C676-8367-4C43-97D6-D1D08EEF18F9}.Debug|Any CPU.ActiveCfg = Debug|Any CPU
		{8113C676-8367-4C43-97D6-D1D08EEF18F9}.Debug|Any CPU.Build.0 = Debug|Any CPU
		{8113C676-8367-4C43-97D6-D1D08EEF18F9}.Release|Any CPU.ActiveCfg = Release|Any CPU
		{8113C676-8367-4C43-97D6-D1D08EEF18F9}.Release|Any CPU.Build.0 = Release|Any CPU
		{C0D22190-4B9C-47A7-91AD-95F9BC526857}.Debug|Any CPU.ActiveCfg = Debug|Any CPU
		{C0D22190-4B9C-47A7-91AD-95F9BC526857}.Debug|Any CPU.Build.0 = Debug|Any CPU
		{C0D22190-4B9C-47A7-91AD-95F9BC526857}.Release|Any CPU.ActiveCfg = Release|Any CPU
		{C0D22190-4B9C-47A7-91AD-95F9BC526857}.Release|Any CPU.Build.0 = Release|Any CPU
		{052668C2-2F27-4E99-BA57-78CFB3F23D35}.Debug|Any CPU.ActiveCfg = Debug|Any CPU
		{052668C2-2F27-4E99-BA57-78CFB3F23D35}.Debug|Any CPU.Build.0 = Debug|Any CPU
		{052668C2-2F27-4E99-BA57-78CFB3F23D35}.Release|Any CPU.ActiveCfg = Release|Any CPU
		{052668C2-2F27-4E99-BA57-78CFB3F23D35}.Release|Any CPU.Build.0 = Release|Any CPU
		{71E7401A-EB67-4F59-B833-CA5A80597C1E}.Debug|Any CPU.ActiveCfg = Debug|Any CPU
		{71E7401A-EB67-4F59-B833-CA5A80597C1E}.Debug|Any CPU.Build.0 = Debug|Any CPU
		{71E7401A-EB67-4F59-B833-CA5A80597C1E}.Release|Any CPU.ActiveCfg = Release|Any CPU
		{71E7401A-EB67-4F59-B833-CA5A80597C1E}.Release|Any CPU.Build.0 = Release|Any CPU
	EndGlobalSection
	GlobalSection(SolutionProperties) = preSolution
		HideSolutionNode = FALSE
	EndGlobalSection
	GlobalSection(ExtensibilityGlobals) = postSolution
		SolutionGuid = {A8B3176E-9C44-4950-B73B-DCF31045BA26}
	EndGlobalSection
EndGlobal
